
Microsoft Visual Studio Solution File, Format Version 12.00
# Visual Studio Version 16
VisualStudioVersion = 16.0.29418.71
MinimumVisualStudioVersion = 10.0.40219.1
Project("{9A19103F-16F7-4668-BE54-9A1E7A4F7556}") = "GameController", "GameController\GameController.csproj", "{4F3627FE-B9AA-40DE-A9F3-68908B7B9979}"
EndProject
Project("{9A19103F-16F7-4668-BE54-9A1E7A4F7556}") = "ModelProjects", "ModelProjects\ModelProjects.csproj", "{069392C1-9980-4907-9422-37583CC0A0CF}"
EndProject
Project("{FAE04EC0-301F-11D3-BF4B-00C04F79EFBC}") = "TankWarsGUI", "TankWarsGUI\TankWarsGUI.csproj", "{67FAEC9D-7E9B-49C8-812F-ED87152C5171}"
EndProject
Project("{9A19103F-16F7-4668-BE54-9A1E7A4F7556}") = "Resources", "Resources\Resources.csproj", "{5AFFB308-B3B6-4D07-8AEB-7059B3CD2164}"
EndProject
Project("{9A19103F-16F7-4668-BE54-9A1E7A4F7556}") = "Vector2D", "Vector2D\Vector2D.csproj", "{8319D4D8-F801-488B-BE2D-595324EF1081}"
EndProject
Project("{9A19103F-16F7-4668-BE54-9A1E7A4F7556}") = "Server", "Server\Server.csproj", "{EA0B1902-D26C-4BFC-9618-E1D9A6FBDC03}"
EndProject
Project("{9A19103F-16F7-4668-BE54-9A1E7A4F7556}") = "ServerController", "ServerController\ServerController.csproj", "{7DDBE3CE-5E9F-4059-9340-BBA88D15395E}"
EndProject
Project("{FAE04EC0-301F-11D3-BF4B-00C04F79EFBC}") = "WebServer", "WebServer\WebServer.csproj", "{22683EAA-2F0B-4806-8DEA-BD27CDB7513F}"
EndProject
Project("{FAE04EC0-301F-11D3-BF4B-00C04F79EFBC}") = "DatabaseController", "DatabaseController\DatabaseController.csproj", "{416851A6-5F63-4A7E-8302-55C6445F5894}"
EndProject
Global
	GlobalSection(SolutionConfigurationPlatforms) = preSolution
		Debug|Any CPU = Debug|Any CPU
		Release|Any CPU = Release|Any CPU
	EndGlobalSection
	GlobalSection(ProjectConfigurationPlatforms) = postSolution
		{4F3627FE-B9AA-40DE-A9F3-68908B7B9979}.Debug|Any CPU.ActiveCfg = Debug|Any CPU
		{4F3627FE-B9AA-40DE-A9F3-68908B7B9979}.Debug|Any CPU.Build.0 = Debug|Any CPU
		{4F3627FE-B9AA-40DE-A9F3-68908B7B9979}.Release|Any CPU.ActiveCfg = Release|Any CPU
		{4F3627FE-B9AA-40DE-A9F3-68908B7B9979}.Release|Any CPU.Build.0 = Release|Any CPU
		{069392C1-9980-4907-9422-37583CC0A0CF}.Debug|Any CPU.ActiveCfg = Debug|Any CPU
		{069392C1-9980-4907-9422-37583CC0A0CF}.Debug|Any CPU.Build.0 = Debug|Any CPU
		{069392C1-9980-4907-9422-37583CC0A0CF}.Release|Any CPU.ActiveCfg = Release|Any CPU
		{069392C1-9980-4907-9422-37583CC0A0CF}.Release|Any CPU.Build.0 = Release|Any CPU
		{67FAEC9D-7E9B-49C8-812F-ED87152C5171}.Debug|Any CPU.ActiveCfg = Debug|Any CPU
		{67FAEC9D-7E9B-49C8-812F-ED87152C5171}.Debug|Any CPU.Build.0 = Debug|Any CPU
		{67FAEC9D-7E9B-49C8-812F-ED87152C5171}.Release|Any CPU.ActiveCfg = Release|Any CPU
		{67FAEC9D-7E9B-49C8-812F-ED87152C5171}.Release|Any CPU.Build.0 = Release|Any CPU
		{5AFFB308-B3B6-4D07-8AEB-7059B3CD2164}.Debug|Any CPU.ActiveCfg = Debug|Any CPU
		{5AFFB308-B3B6-4D07-8AEB-7059B3CD2164}.Release|Any CPU.ActiveCfg = Release|Any CPU
		{5AFFB308-B3B6-4D07-8AEB-7059B3CD2164}.Release|Any CPU.Build.0 = Release|Any CPU
		{8319D4D8-F801-488B-BE2D-595324EF1081}.Debug|Any CPU.ActiveCfg = Debug|Any CPU
		{8319D4D8-F801-488B-BE2D-595324EF1081}.Debug|Any CPU.Build.0 = Debug|Any CPU
		{8319D4D8-F801-488B-BE2D-595324EF1081}.Release|Any CPU.ActiveCfg = Release|Any CPU
		{8319D4D8-F801-488B-BE2D-595324EF1081}.Release|Any CPU.Build.0 = Release|Any CPU
		{EA0B1902-D26C-4BFC-9618-E1D9A6FBDC03}.Debug|Any CPU.ActiveCfg = Debug|Any CPU
		{EA0B1902-D26C-4BFC-9618-E1D9A6FBDC03}.Debug|Any CPU.Build.0 = Debug|Any CPU
		{EA0B1902-D26C-4BFC-9618-E1D9A6FBDC03}.Release|Any CPU.ActiveCfg = Release|Any CPU
		{EA0B1902-D26C-4BFC-9618-E1D9A6FBDC03}.Release|Any CPU.Build.0 = Release|Any CPU
		{7DDBE3CE-5E9F-4059-9340-BBA88D15395E}.Debug|Any CPU.ActiveCfg = Debug|Any CPU
		{7DDBE3CE-5E9F-4059-9340-BBA88D15395E}.Debug|Any CPU.Build.0 = Debug|Any CPU
		{7DDBE3CE-5E9F-4059-9340-BBA88D15395E}.Release|Any CPU.ActiveCfg = Release|Any CPU
		{7DDBE3CE-5E9F-4059-9340-BBA88D15395E}.Release|Any CPU.Build.0 = Release|Any CPU
		{22683EAA-2F0B-4806-8DEA-BD27CDB7513F}.Debug|Any CPU.ActiveCfg = Debug|Any CPU
		{22683EAA-2F0B-4806-8DEA-BD27CDB7513F}.Debug|Any CPU.Build.0 = Debug|Any CPU
		{22683EAA-2F0B-4806-8DEA-BD27CDB7513F}.Release|Any CPU.ActiveCfg = Release|Any CPU
		{22683EAA-2F0B-4806-8DEA-BD27CDB7513F}.Release|Any CPU.Build.0 = Release|Any CPU
		{416851A6-5F63-4A7E-8302-55C6445F5894}.Debug|Any CPU.ActiveCfg = Debug|Any CPU
		{416851A6-5F63-4A7E-8302-55C6445F5894}.Debug|Any CPU.Build.0 = Debug|Any CPU
		{416851A6-5F63-4A7E-8302-55C6445F5894}.Release|Any CPU.ActiveCfg = Release|Any CPU
		{416851A6-5F63-4A7E-8302-55C6445F5894}.Release|Any CPU.Build.0 = Release|Any CPU
	EndGlobalSection
	GlobalSection(SolutionProperties) = preSolution
		HideSolutionNode = FALSE
	EndGlobalSection
	GlobalSection(ExtensibilityGlobals) = postSolution
		SolutionGuid = {38DE271A-4D3E-4A33-B2D7-D52335E75EE2}
	EndGlobalSection
EndGlobal
